
Microsoft Visual Studio Solution File, Format Version 12.00
# Visual Studio 14
VisualStudioVersion = 14.0.25420.1
MinimumVisualStudioVersion = 10.0.40219.1
Project("{FAE04EC0-301F-11D3-BF4B-00C04F79EFBC}") = "PasswordGenerator", "PasswordGenerator\PasswordGenerator.csproj", "{BECCB850-C483-4939-85A3-5144F6CB67B7}"
EndProject
Project("{FAE04EC0-301F-11D3-BF4B-00C04F79EFBC}") = "UserProgram", "UserProgram\UserProgram.csproj", "{3B9CAF7A-00E9-4167-81D5-5F08C921BCAE}"
EndProject
Global
	GlobalSection(SolutionConfigurationPlatforms) = preSolution
		Debug|Any CPU = Debug|Any CPU
		Release|Any CPU = Release|Any CPU
	EndGlobalSection
	GlobalSection(ProjectConfigurationPlatforms) = postSolution
		{BECCB850-C483-4939-85A3-5144F6CB67B7}.Debug|Any CPU.ActiveCfg = Debug|Any CPU
		{BECCB850-C483-4939-85A3-5144F6CB67B7}.Debug|Any CPU.Build.0 = Debug|Any CPU
		{BECCB850-C483-4939-85A3-5144F6CB67B7}.Release|Any CPU.ActiveCfg = Release|Any CPU
		{BECCB850-C483-4939-85A3-5144F6CB67B7}.Release|Any CPU.Build.0 = Release|Any CPU
		{3B9CAF7A-00E9-4167-81D5-5F08C921BCAE}.Debug|Any CPU.ActiveCfg = Debug|Any CPU
		{3B9CAF7A-00E9-4167-81D5-5F08C921BCAE}.Debug|Any CPU.Build.0 = Debug|Any CPU
		{3B9CAF7A-00E9-4167-81D5-5F08C921BCAE}.Release|Any CPU.ActiveCfg = Release|Any CPU
		{3B9CAF7A-00E9-4167-81D5-5F08C921BCAE}.Release|Any CPU.Build.0 = Release|Any CPU
	EndGlobalSection
	GlobalSection(SolutionProperties) = preSolution
		HideSolutionNode = FALSE
	EndGlobalSection
EndGlobal
